// !$*UTF8*$!
{
	archiveVersion = 1;
	classes = {
	};
	objectVersion = 46;
	objects = {

/* Begin PBXBuildFile section */
		A524C27C1A1BFDF600306AD8 /* main.m in Sources */ = {isa = PBXBuildFile; fileRef = A524C27B1A1BFDF600306AD8 /* main.m */; };
		A524C27F1A1BFDF600306AD8 /* AppDelegate.m in Sources */ = {isa = PBXBuildFile; fileRef = A524C27E1A1BFDF600306AD8 /* AppDelegate.m */; };
		A524C2821A1BFDF600306AD8 /* GoldDiggr.xcdatamodeld in Sources */ = {isa = PBXBuildFile; fileRef = A524C2801A1BFDF600306AD8 /* GoldDiggr.xcdatamodeld */; };
		A524C2881A1BFDF600306AD8 /* Main.storyboard in Resources */ = {isa = PBXBuildFile; fileRef = A524C2861A1BFDF600306AD8 /* Main.storyboard */; };
		A524C28A1A1BFDF600306AD8 /* Images.xcassets in Resources */ = {isa = PBXBuildFile; fileRef = A524C2891A1BFDF600306AD8 /* Images.xcassets */; };
		A524C28D1A1BFDF600306AD8 /* LaunchScreen.xib in Resources */ = {isa = PBXBuildFile; fileRef = A524C28B1A1BFDF600306AD8 /* LaunchScreen.xib */; };
		A524C2991A1BFDF700306AD8 /* GoldDiggrTests.m in Sources */ = {isa = PBXBuildFile; fileRef = A524C2981A1BFDF700306AD8 /* GoldDiggrTests.m */; };
		A524C2A41A1BFE2E00306AD8 /* CurrencyViewController.m in Sources */ = {isa = PBXBuildFile; fileRef = A524C2A31A1BFE2E00306AD8 /* CurrencyViewController.m */; };
		A524C2A71A1BFE5600306AD8 /* EconGoodViewController.m in Sources */ = {isa = PBXBuildFile; fileRef = A524C2A61A1BFE5600306AD8 /* EconGoodViewController.m */; };
		A524C2A91A1C2D4E00306AD8 /* ShinobiCharts.framework in Frameworks */ = {isa = PBXBuildFile; fileRef = A524C2A81A1C2D4E00306AD8 /* ShinobiCharts.framework */; };
		A524C2AB1A1C2D7B00306AD8 /* libc++.dylib in Frameworks */ = {isa = PBXBuildFile; fileRef = A524C2AA1A1C2D7B00306AD8 /* libc++.dylib */; };
		A524C2AD1A1C2D8400306AD8 /* Security.framework in Frameworks */ = {isa = PBXBuildFile; fileRef = A524C2AC1A1C2D8400306AD8 /* Security.framework */; };
		A524C2AF1A1C2D8A00306AD8 /* QuartzCore.framework in Frameworks */ = {isa = PBXBuildFile; fileRef = A524C2AE1A1C2D8A00306AD8 /* QuartzCore.framework */; };
		A524C2B11A1C2D9100306AD8 /* OpenGLES.framework in Frameworks */ = {isa = PBXBuildFile; fileRef = A524C2B01A1C2D9100306AD8 /* OpenGLES.framework */; };
		A524C2B31A1C2D9A00306AD8 /* CoreText.framework in Frameworks */ = {isa = PBXBuildFile; fileRef = A524C2B21A1C2D9A00306AD8 /* CoreText.framework */; };
		A5C704FA1A1C57DB009D8F36 /* Data.m in Sources */ = {isa = PBXBuildFile; fileRef = A5C704F91A1C57DB009D8F36 /* Data.m */; };
/* End PBXBuildFile section */

/* Begin PBXContainerItemProxy section */
		A524C2931A1BFDF600306AD8 /* PBXContainerItemProxy */ = {
			isa = PBXContainerItemProxy;
			containerPortal = A524C26E1A1BFDF600306AD8 /* Project object */;
			proxyType = 1;
			remoteGlobalIDString = A524C2751A1BFDF600306AD8;
			remoteInfo = GoldDiggr;
		};
/* End PBXContainerItemProxy section */

/* Begin PBXFileReference section */
		A524C2761A1BFDF600306AD8 /* GoldDiggr.app */ = {isa = PBXFileReference; explicitFileType = wrapper.application; includeInIndex = 0; path = GoldDiggr.app; sourceTree = BUILT_PRODUCTS_DIR; };
		A524C27A1A1BFDF600306AD8 /* Info.plist */ = {isa = PBXFileReference; lastKnownFileType = text.plist.xml; path = Info.plist; sourceTree = "<group>"; };
		A524C27B1A1BFDF600306AD8 /* main.m */ = {isa = PBXFileReference; lastKnownFileType = sourcecode.c.objc; path = main.m; sourceTree = "<group>"; };
		A524C27D1A1BFDF600306AD8 /* AppDelegate.h */ = {isa = PBXFileReference; lastKnownFileType = sourcecode.c.h; path = AppDelegate.h; sourceTree = "<group>"; };
		A524C27E1A1BFDF600306AD8 /* AppDelegate.m */ = {isa = PBXFileReference; lastKnownFileType = sourcecode.c.objc; path = AppDelegate.m; sourceTree = "<group>"; };
		A524C2811A1BFDF600306AD8 /* GoldDiggr.xcdatamodel */ = {isa = PBXFileReference; lastKnownFileType = wrapper.xcdatamodel; path = GoldDiggr.xcdatamodel; sourceTree = "<group>"; };
		A524C2871A1BFDF600306AD8 /* Base */ = {isa = PBXFileReference; lastKnownFileType = file.storyboard; name = Base; path = Base.lproj/Main.storyboard; sourceTree = "<group>"; };
		A524C2891A1BFDF600306AD8 /* Images.xcassets */ = {isa = PBXFileReference; lastKnownFileType = folder.assetcatalog; path = Images.xcassets; sourceTree = "<group>"; };
		A524C28C1A1BFDF600306AD8 /* Base */ = {isa = PBXFileReference; lastKnownFileType = file.xib; name = Base; path = Base.lproj/LaunchScreen.xib; sourceTree = "<group>"; };
		A524C2921A1BFDF600306AD8 /* GoldDiggrTests.xctest */ = {isa = PBXFileReference; explicitFileType = wrapper.cfbundle; includeInIndex = 0; path = GoldDiggrTests.xctest; sourceTree = BUILT_PRODUCTS_DIR; };
		A524C2971A1BFDF600306AD8 /* Info.plist */ = {isa = PBXFileReference; lastKnownFileType = text.plist.xml; path = Info.plist; sourceTree = "<group>"; };
		A524C2981A1BFDF700306AD8 /* GoldDiggrTests.m */ = {isa = PBXFileReference; lastKnownFileType = sourcecode.c.objc; path = GoldDiggrTests.m; sourceTree = "<group>"; };
		A524C2A21A1BFE2E00306AD8 /* CurrencyViewController.h */ = {isa = PBXFileReference; fileEncoding = 4; lastKnownFileType = sourcecode.c.h; path = CurrencyViewController.h; sourceTree = "<group>"; };
		A524C2A31A1BFE2E00306AD8 /* CurrencyViewController.m */ = {isa = PBXFileReference; fileEncoding = 4; lastKnownFileType = sourcecode.c.objc; path = CurrencyViewController.m; sourceTree = "<group>"; };
		A524C2A51A1BFE5600306AD8 /* EconGoodViewController.h */ = {isa = PBXFileReference; fileEncoding = 4; lastKnownFileType = sourcecode.c.h; name = EconGoodViewController.h; path = ../EconGoodViewController.h; sourceTree = "<group>"; };
		A524C2A61A1BFE5600306AD8 /* EconGoodViewController.m */ = {isa = PBXFileReference; fileEncoding = 4; lastKnownFileType = sourcecode.c.objc; name = EconGoodViewController.m; path = ../EconGoodViewController.m; sourceTree = "<group>"; };
		A524C2A81A1C2D4E00306AD8 /* ShinobiCharts.framework */ = {isa = PBXFileReference; lastKnownFileType = wrapper.framework; name = ShinobiCharts.framework; path = Library/Frameworks/ShinobiCharts.framework; sourceTree = DEVELOPER_DIR; };
		A524C2AA1A1C2D7B00306AD8 /* libc++.dylib */ = {isa = PBXFileReference; lastKnownFileType = "compiled.mach-o.dylib"; name = "libc++.dylib"; path = "usr/lib/libc++.dylib"; sourceTree = SDKROOT; };
		A524C2AC1A1C2D8400306AD8 /* Security.framework */ = {isa = PBXFileReference; lastKnownFileType = wrapper.framework; name = Security.framework; path = System/Library/Frameworks/Security.framework; sourceTree = SDKROOT; };
		A524C2AE1A1C2D8A00306AD8 /* QuartzCore.framework */ = {isa = PBXFileReference; lastKnownFileType = wrapper.framework; name = QuartzCore.framework; path = System/Library/Frameworks/QuartzCore.framework; sourceTree = SDKROOT; };
		A524C2B01A1C2D9100306AD8 /* OpenGLES.framework */ = {isa = PBXFileReference; lastKnownFileType = wrapper.framework; name = OpenGLES.framework; path = System/Library/Frameworks/OpenGLES.framework; sourceTree = SDKROOT; };
		A524C2B21A1C2D9A00306AD8 /* CoreText.framework */ = {isa = PBXFileReference; lastKnownFileType = wrapper.framework; name = CoreText.framework; path = System/Library/Frameworks/CoreText.framework; sourceTree = SDKROOT; };
		A5C704F81A1C57DB009D8F36 /* Data.h */ = {isa = PBXFileReference; fileEncoding = 4; lastKnownFileType = sourcecode.c.h; path = Data.h; sourceTree = "<group>"; };
		A5C704F91A1C57DB009D8F36 /* Data.m */ = {isa = PBXFileReference; fileEncoding = 4; lastKnownFileType = sourcecode.c.objc; path = Data.m; sourceTree = "<group>"; };
/* End PBXFileReference section */

/* Begin PBXFrameworksBuildPhase section */
		A524C2731A1BFDF600306AD8 /* Frameworks */ = {
			isa = PBXFrameworksBuildPhase;
			buildActionMask = 2147483647;
			files = (
				A524C2B31A1C2D9A00306AD8 /* CoreText.framework in Frameworks */,
				A524C2B11A1C2D9100306AD8 /* OpenGLES.framework in Frameworks */,
				A524C2AF1A1C2D8A00306AD8 /* QuartzCore.framework in Frameworks */,
				A524C2AD1A1C2D8400306AD8 /* Security.framework in Frameworks */,
				A524C2AB1A1C2D7B00306AD8 /* libc++.dylib in Frameworks */,
				A524C2A91A1C2D4E00306AD8 /* ShinobiCharts.framework in Frameworks */,
			);
			runOnlyForDeploymentPostprocessing = 0;
		};
		A524C28F1A1BFDF600306AD8 /* Frameworks */ = {
			isa = PBXFrameworksBuildPhase;
			buildActionMask = 2147483647;
			files = (
			);
			runOnlyForDeploymentPostprocessing = 0;
		};
/* End PBXFrameworksBuildPhase section */

/* Begin PBXGroup section */
		A524C26D1A1BFDF600306AD8 = {
			isa = PBXGroup;
			children = (
				A524C2B21A1C2D9A00306AD8 /* CoreText.framework */,
				A524C2B01A1C2D9100306AD8 /* OpenGLES.framework */,
				A524C2AE1A1C2D8A00306AD8 /* QuartzCore.framework */,
				A524C2AC1A1C2D8400306AD8 /* Security.framework */,
				A524C2AA1A1C2D7B00306AD8 /* libc++.dylib */,
				A524C2A81A1C2D4E00306AD8 /* ShinobiCharts.framework */,
				A524C2781A1BFDF600306AD8 /* GoldDiggr */,
				A524C2951A1BFDF600306AD8 /* GoldDiggrTests */,
				A524C2771A1BFDF600306AD8 /* Products */,
			);
			sourceTree = "<group>";
		};
		A524C2771A1BFDF600306AD8 /* Products */ = {
			isa = PBXGroup;
			children = (
				A524C2761A1BFDF600306AD8 /* GoldDiggr.app */,
				A524C2921A1BFDF600306AD8 /* GoldDiggrTests.xctest */,
			);
			name = Products;
			sourceTree = "<group>";
		};
		A524C2781A1BFDF600306AD8 /* GoldDiggr */ = {
			isa = PBXGroup;
			children = (
				A524C27D1A1BFDF600306AD8 /* AppDelegate.h */,
				A524C27E1A1BFDF600306AD8 /* AppDelegate.m */,
				A524C2A21A1BFE2E00306AD8 /* CurrencyViewController.h */,
				A524C2A31A1BFE2E00306AD8 /* CurrencyViewController.m */,
				A524C2A51A1BFE5600306AD8 /* EconGoodViewController.h */,
				A524C2A61A1BFE5600306AD8 /* EconGoodViewController.m */,
				A5C704F81A1C57DB009D8F36 /* Data.h */,
				A5C704F91A1C57DB009D8F36 /* Data.m */,
				A524C2861A1BFDF600306AD8 /* Main.storyboard */,
				A524C2891A1BFDF600306AD8 /* Images.xcassets */,
				A524C28B1A1BFDF600306AD8 /* LaunchScreen.xib */,
				A524C2801A1BFDF600306AD8 /* GoldDiggr.xcdatamodeld */,
				A524C2791A1BFDF600306AD8 /* Supporting Files */,
			);
			path = GoldDiggr;
			sourceTree = "<group>";
		};
		A524C2791A1BFDF600306AD8 /* Supporting Files */ = {
			isa = PBXGroup;
			children = (
				A524C27A1A1BFDF600306AD8 /* Info.plist */,
				A524C27B1A1BFDF600306AD8 /* main.m */,
			);
			name = "Supporting Files";
			sourceTree = "<group>";
		};
		A524C2951A1BFDF600306AD8 /* GoldDiggrTests */ = {
			isa = PBXGroup;
			children = (
				A524C2981A1BFDF700306AD8 /* GoldDiggrTests.m */,
				A524C2961A1BFDF600306AD8 /* Supporting Files */,
			);
			path = GoldDiggrTests;
			sourceTree = "<group>";
		};
		A524C2961A1BFDF600306AD8 /* Supporting Files */ = {
			isa = PBXGroup;
			children = (
				A524C2971A1BFDF600306AD8 /* Info.plist */,
			);
			name = "Supporting Files";
			sourceTree = "<group>";
		};
/* End PBXGroup section */

/* Begin PBXNativeTarget section */
		A524C2751A1BFDF600306AD8 /* GoldDiggr */ = {
			isa = PBXNativeTarget;
			buildConfigurationList = A524C29C1A1BFDF700306AD8 /* Build configuration list for PBXNativeTarget "GoldDiggr" */;
			buildPhases = (
				A524C2721A1BFDF600306AD8 /* Sources */,
				A524C2731A1BFDF600306AD8 /* Frameworks */,
				A524C2741A1BFDF600306AD8 /* Resources */,
			);
			buildRules = (
			);
			dependencies = (
			);
			name = GoldDiggr;
			productName = GoldDiggr;
			productReference = A524C2761A1BFDF600306AD8 /* GoldDiggr.app */;
			productType = "com.apple.product-type.application";
		};
		A524C2911A1BFDF600306AD8 /* GoldDiggrTests */ = {
			isa = PBXNativeTarget;
			buildConfigurationList = A524C29F1A1BFDF700306AD8 /* Build configuration list for PBXNativeTarget "GoldDiggrTests" */;
			buildPhases = (
				A524C28E1A1BFDF600306AD8 /* Sources */,
				A524C28F1A1BFDF600306AD8 /* Frameworks */,
				A524C2901A1BFDF600306AD8 /* Resources */,
			);
			buildRules = (
			);
			dependencies = (
				A524C2941A1BFDF600306AD8 /* PBXTargetDependency */,
			);
			name = GoldDiggrTests;
			productName = GoldDiggrTests;
			productReference = A524C2921A1BFDF600306AD8 /* GoldDiggrTests.xctest */;
			productType = "com.apple.product-type.bundle.unit-test";
		};
/* End PBXNativeTarget section */

/* Begin PBXProject section */
		A524C26E1A1BFDF600306AD8 /* Project object */ = {
			isa = PBXProject;
			attributes = {
				LastUpgradeCheck = 0610;
				ORGANIZATIONNAME = "John Blanchard";
				TargetAttributes = {
					A524C2751A1BFDF600306AD8 = {
						CreatedOnToolsVersion = 6.1;
					};
					A524C2911A1BFDF600306AD8 = {
						CreatedOnToolsVersion = 6.1;
						TestTargetID = A524C2751A1BFDF600306AD8;
					};
				};
			};
			buildConfigurationList = A524C2711A1BFDF600306AD8 /* Build configuration list for PBXProject "GoldDiggr" */;
			compatibilityVersion = "Xcode 3.2";
			developmentRegion = English;
			hasScannedForEncodings = 0;
			knownRegions = (
				en,
				Base,
			);
			mainGroup = A524C26D1A1BFDF600306AD8;
			productRefGroup = A524C2771A1BFDF600306AD8 /* Products */;
			projectDirPath = "";
			projectRoot = "";
			targets = (
				A524C2751A1BFDF600306AD8 /* GoldDiggr */,
				A524C2911A1BFDF600306AD8 /* GoldDiggrTests */,
			);
		};
/* End PBXProject section */

/* Begin PBXResourcesBuildPhase section */
		A524C2741A1BFDF600306AD8 /* Resources */ = {
			isa = PBXResourcesBuildPhase;
			buildActionMask = 2147483647;
			files = (
				A524C2881A1BFDF600306AD8 /* Main.storyboard in Resources */,
				A524C28D1A1BFDF600306AD8 /* LaunchScreen.xib in Resources */,
				A524C28A1A1BFDF600306AD8 /* Images.xcassets in Resources */,
			);
			runOnlyForDeploymentPostprocessing = 0;
		};
		A524C2901A1BFDF600306AD8 /* Resources */ = {
			isa = PBXResourcesBuildPhase;
			buildActionMask = 2147483647;
			files = (
			);
			runOnlyForDeploymentPostprocessing = 0;
		};
/* End PBXResourcesBuildPhase section */

/* Begin PBXSourcesBuildPhase section */
		A524C2721A1BFDF600306AD8 /* Sources */ = {
			isa = PBXSourcesBuildPhase;
			buildActionMask = 2147483647;
			files = (
				A524C2821A1BFDF600306AD8 /* GoldDiggr.xcdatamodeld in Sources */,
				A524C27F1A1BFDF600306AD8 /* AppDelegate.m in Sources */,
				A524C2A41A1BFE2E00306AD8 /* CurrencyViewController.m in Sources */,
				A524C2A71A1BFE5600306AD8 /* EconGoodViewController.m in Sources */,
				A524C27C1A1BFDF600306AD8 /* main.m in Sources */,
				A5C704FA1A1C57DB009D8F36 /* Data.m in Sources */,
			);
			runOnlyForDeploymentPostprocessing = 0;
		};
		A524C28E1A1BFDF600306AD8 /* Sources */ = {
			isa = PBXSourcesBuildPhase;
			buildActionMask = 2147483647;
			files = (
				A524C2991A1BFDF700306AD8 /* GoldDiggrTests.m in Sources */,
			);
			runOnlyForDeploymentPostprocessing = 0;
		};
/* End PBXSourcesBuildPhase section */

/* Begin PBXTargetDependency section */
		A524C2941A1BFDF600306AD8 /* PBXTargetDependency */ = {
			isa = PBXTargetDependency;
			target = A524C2751A1BFDF600306AD8 /* GoldDiggr */;
			targetProxy = A524C2931A1BFDF600306AD8 /* PBXContainerItemProxy */;
		};
/* End PBXTargetDependency section */

/* Begin PBXVariantGroup section */
		A524C2861A1BFDF600306AD8 /* Main.storyboard */ = {
			isa = PBXVariantGroup;
			children = (
				A524C2871A1BFDF600306AD8 /* Base */,
			);
			name = Main.storyboard;
			sourceTree = "<group>";
		};
		A524C28B1A1BFDF600306AD8 /* LaunchScreen.xib */ = {
			isa = PBXVariantGroup;
			children = (
				A524C28C1A1BFDF600306AD8 /* Base */,
			);
			name = LaunchScreen.xib;
			sourceTree = "<group>";
		};
/* End PBXVariantGroup section */

/* Begin XCBuildConfiguration section */
		A524C29A1A1BFDF700306AD8 /* Debug */ = {
			isa = XCBuildConfiguration;
			buildSettings = {
				ALWAYS_SEARCH_USER_PATHS = NO;
				CLANG_CXX_LANGUAGE_STANDARD = "gnu++0x";
				CLANG_CXX_LIBRARY = "libc++";
				CLANG_ENABLE_MODULES = YES;
				CLANG_ENABLE_OBJC_ARC = YES;
				CLANG_WARN_BOOL_CONVERSION = YES;
				CLANG_WARN_CONSTANT_CONVERSION = YES;
				CLANG_WARN_DIRECT_OBJC_ISA_USAGE = YES_ERROR;
				CLANG_WARN_EMPTY_BODY = YES;
				CLANG_WARN_ENUM_CONVERSION = YES;
				CLANG_WARN_INT_CONVERSION = YES;
				CLANG_WARN_OBJC_ROOT_CLASS = YES_ERROR;
				CLANG_WARN_UNREACHABLE_CODE = YES;
				CLANG_WARN__DUPLICATE_METHOD_MATCH = YES;
				"CODE_SIGN_IDENTITY[sdk=iphoneos*]" = "iPhone Developer";
				COPY_PHASE_STRIP = NO;
				ENABLE_STRICT_OBJC_MSGSEND = YES;
				GCC_C_LANGUAGE_STANDARD = gnu99;
				GCC_DYNAMIC_NO_PIC = NO;
				GCC_OPTIMIZATION_LEVEL = 0;
				GCC_PREPROCESSOR_DEFINITIONS = (
					"DEBUG=1",
					"$(inherited)",
				);
				GCC_SYMBOLS_PRIVATE_EXTERN = NO;
				GCC_WARN_64_TO_32_BIT_CONVERSION = YES;
				GCC_WARN_ABOUT_RETURN_TYPE = YES_ERROR;
				GCC_WARN_UNDECLARED_SELECTOR = YES;
				GCC_WARN_UNINITIALIZED_AUTOS = YES_AGGRESSIVE;
				GCC_WARN_UNUSED_FUNCTION = YES;
				GCC_WARN_UNUSED_VARIABLE = YES;
				IPHONEOS_DEPLOYMENT_TARGET = 8.1;
				MTL_ENABLE_DEBUG_INFO = YES;
				ONLY_ACTIVE_ARCH = YES;
				SDKROOT = iphoneos;
			};
			name = Debug;
		};
		A524C29B1A1BFDF700306AD8 /* Release */ = {
			isa = XCBuildConfiguration;
			buildSettings = {
				ALWAYS_SEARCH_USER_PATHS = NO;
				CLANG_CXX_LANGUAGE_STANDARD = "gnu++0x";
				CLANG_CXX_LIBRARY = "libc++";
				CLANG_ENABLE_MODULES = YES;
				CLANG_ENABLE_OBJC_ARC = YES;
				CLANG_WARN_BOOL_CONVERSION = YES;
				CLANG_WARN_CONSTANT_CONVERSION = YES;
				CLANG_WARN_DIRECT_OBJC_ISA_USAGE = YES_ERROR;
				CLANG_WARN_EMPTY_BODY = YES;
				CLANG_WARN_ENUM_CONVERSION = YES;
				CLANG_WARN_INT_CONVERSION = YES;
				CLANG_WARN_OBJC_ROOT_CLASS = YES_ERROR;
				CLANG_WARN_UNREACHABLE_CODE = YES;
				CLANG_WARN__DUPLICATE_METHOD_MATCH = YES;
				"CODE_SIGN_IDENTITY[sdk=iphoneos*]" = "iPhone Developer";
				COPY_PHASE_STRIP = YES;
				ENABLE_NS_ASSERTIONS = NO;
				ENABLE_STRICT_OBJC_MSGSEND = YES;
				GCC_C_LANGUAGE_STANDARD = gnu99;
				GCC_WARN_64_TO_32_BIT_CONVERSION = YES;
				GCC_WARN_ABOUT_RETURN_TYPE = YES_ERROR;
				GCC_WARN_UNDECLARED_SELECTOR = YES;
				GCC_WARN_UNINITIALIZED_AUTOS = YES_AGGRESSIVE;
				GCC_WARN_UNUSED_FUNCTION = YES;
				GCC_WARN_UNUSED_VARIABLE = YES;
				IPHONEOS_DEPLOYMENT_TARGET = 8.1;
				MTL_ENABLE_DEBUG_INFO = NO;
				SDKROOT = iphoneos;
				VALIDATE_PRODUCT = YES;
			};
			name = Release;
		};
		A524C29D1A1BFDF700306AD8 /* Debug */ = {
			isa = XCBuildConfiguration;
			buildSettings = {
				ASSETCATALOG_COMPILER_APPICON_NAME = AppIcon;
				FRAMEWORK_SEARCH_PATHS = (
					"$(inherited)",
					"$(DEVELOPER_FRAMEWORKS_DIR)",
				);
				INFOPLIST_FILE = GoldDiggr/Info.plist;
				LD_RUNPATH_SEARCH_PATHS = "$(inherited) @executable_path/Frameworks";
				PRODUCT_NAME = "$(TARGET_NAME)";
			};
			name = Debug;
		};
		A524C29E1A1BFDF700306AD8 /* Release */ = {
			isa = XCBuildConfiguration;
			buildSettings = {
				ASSETCATALOG_COMPILER_APPICON_NAME = AppIcon;
				FRAMEWORK_SEARCH_PATHS = (
					"$(inherited)",
					"$(DEVELOPER_FRAMEWORKS_DIR)",
				);
				INFOPLIST_FILE = GoldDiggr/Info.plist;
				LD_RUNPATH_SEARCH_PATHS = "$(inherited) @executable_path/Frameworks";
				PRODUCT_NAME = "$(TARGET_NAME)";
			};
			name = Release;
		};
		A524C2A01A1BFDF700306AD8 /* Debug */ = {
			isa = XCBuildConfiguration;
			buildSettings = {
				BUNDLE_LOADER = "$(TEST_HOST)";
				FRAMEWORK_SEARCH_PATHS = (
					"$(SDKROOT)/Developer/Library/Frameworks",
					"$(inherited)",
				);
				GCC_PREPROCESSOR_DEFINITIONS = (
					"DEBUG=1",
					"$(inherited)",
				);
				INFOPLIST_FILE = GoldDiggrTests/Info.plist;
				LD_RUNPATH_SEARCH_PATHS = "$(inherited) @executable_path/Frameworks @loader_path/Frameworks";
				PRODUCT_NAME = "$(TARGET_NAME)";
				TEST_HOST = "$(BUILT_PRODUCTS_DIR)/GoldDiggr.app/GoldDiggr";
			};
			name = Debug;
		};
		A524C2A11A1BFDF700306AD8 /* Release */ = {
			isa = XCBuildConfiguration;
			buildSettings = {
				BUNDLE_LOADER = "$(TEST_HOST)";
				FRAMEWORK_SEARCH_PATHS = (
					"$(SDKROOT)/Developer/Library/Frameworks",
					"$(inherited)",
				);
				INFOPLIST_FILE = GoldDiggrTests/Info.plist;
				LD_RUNPATH_SEARCH_PATHS = "$(inherited) @executable_path/Frameworks @loader_path/Frameworks";
				PRODUCT_NAME = "$(TARGET_NAME)";
				TEST_HOST = "$(BUILT_PRODUCTS_DIR)/GoldDiggr.app/GoldDiggr";
			};
			name = Release;
		};
/* End XCBuildConfiguration section */

/* Begin XCConfigurationList section */
		A524C2711A1BFDF600306AD8 /* Build configuration list for PBXProject "GoldDiggr" */ = {
			isa = XCConfigurationList;
			buildConfigurations = (
				A524C29A1A1BFDF700306AD8 /* Debug */,
				A524C29B1A1BFDF700306AD8 /* Release */,
			);
			defaultConfigurationIsVisible = 0;
			defaultConfigurationName = Release;
		};
		A524C29C1A1BFDF700306AD8 /* Build configuration list for PBXNativeTarget "GoldDiggr" */ = {
			isa = XCConfigurationList;
			buildConfigurations = (
				A524C29D1A1BFDF700306AD8 /* Debug */,
				A524C29E1A1BFDF700306AD8 /* Release */,
			);
			defaultConfigurationIsVisible = 0;
			defaultConfigurationName = Release;
		};
		A524C29F1A1BFDF700306AD8 /* Build configuration list for PBXNativeTarget "GoldDiggrTests" */ = {
			isa = XCConfigurationList;
			buildConfigurations = (
				A524C2A01A1BFDF700306AD8 /* Debug */,
				A524C2A11A1BFDF700306AD8 /* Release */,
			);
			defaultConfigurationIsVisible = 0;
			defaultConfigurationName = Release;
		};
/* End XCConfigurationList section */

/* Begin XCVersionGroup section */
		A524C2801A1BFDF600306AD8 /* GoldDiggr.xcdatamodeld */ = {
			isa = XCVersionGroup;
			children = (
				A524C2811A1BFDF600306AD8 /* GoldDiggr.xcdatamodel */,
			);
			currentVersion = A524C2811A1BFDF600306AD8 /* GoldDiggr.xcdatamodel */;
			path = GoldDiggr.xcdatamodeld;
			sourceTree = "<group>";
			versionGroupType = wrapper.xcdatamodel;
		};
/* End XCVersionGroup section */
	};
	rootObject = A524C26E1A1BFDF600306AD8 /* Project object */;
}
